
Microsoft Visual Studio Solution File, Format Version 12.00
# Visual Studio Version 17
VisualStudioVersion = 17.8.34511.84
MinimumVisualStudioVersion = 10.0.40219.1
Project("{FAE04EC0-301F-11D3-BF4B-00C04F79EFBC}") = "Lab4", "Lab4\Lab4.csproj", "{B926EAA6-2C26-4B1C-9759-4AEF2C2B5350}"
EndProject
Global
	GlobalSection(SolutionConfigurationPlatforms) = preSolution
		Debug|Any CPU = Debug|Any CPU
		Release|Any CPU = Release|Any CPU
	EndGlobalSection
	GlobalSection(ProjectConfigurationPlatforms) = postSolution
		{B926EAA6-2C26-4B1C-9759-4AEF2C2B5350}.Debug|Any CPU.ActiveCfg = Debug|Any CPU
		{B926EAA6-2C26-4B1C-9759-4AEF2C2B5350}.Debug|Any CPU.Build.0 = Debug|Any CPU
		{B926EAA6-2C26-4B1C-9759-4AEF2C2B5350}.Release|Any CPU.ActiveCfg = Release|Any CPU
		{B926EAA6-2C26-4B1C-9759-4AEF2C2B5350}.Release|Any CPU.Build.0 = Release|Any CPU
	EndGlobalSection
	GlobalSection(SolutionProperties) = preSolution
		HideSolutionNode = FALSE
	EndGlobalSection
	GlobalSection(ExtensibilityGlobals) = postSolution
		SolutionGuid = {4C0BA16B-6B82-486F-8B3A-9B86850423C5}
	EndGlobalSection
EndGlobal
